
Microsoft Visual Studio Solution File, Format Version 12.00
# Visual Studio Version 17
VisualStudioVersion = 17.5.33414.496
MinimumVisualStudioVersion = 10.0.40219.1
Project("{FAE04EC0-301F-11D3-BF4B-00C04F79EFBC}") = "SignalRAssignment", "SignalRAssignment\SignalRAssignment.csproj", "{4F3BA6FC-B9A6-4145-8E8F-9F9D1A3B5323}"
EndProject
Global
	GlobalSection(SolutionConfigurationPlatforms) = preSolution
		Debug|Any CPU = Debug|Any CPU
		Release|Any CPU = Release|Any CPU
	EndGlobalSection
	GlobalSection(ProjectConfigurationPlatforms) = postSolution
		{4F3BA6FC-B9A6-4145-8E8F-9F9D1A3B5323}.Debug|Any CPU.ActiveCfg = Debug|Any CPU
		{4F3BA6FC-B9A6-4145-8E8F-9F9D1A3B5323}.Debug|Any CPU.Build.0 = Debug|Any CPU
		{4F3BA6FC-B9A6-4145-8E8F-9F9D1A3B5323}.Release|Any CPU.ActiveCfg = Release|Any CPU
		{4F3BA6FC-B9A6-4145-8E8F-9F9D1A3B5323}.Release|Any CPU.Build.0 = Release|Any CPU
	EndGlobalSection
	GlobalSection(SolutionProperties) = preSolution
		HideSolutionNode = FALSE
	EndGlobalSection
	GlobalSection(ExtensibilityGlobals) = postSolution
		SolutionGuid = {E97B32D0-3B6B-47D3-8381-783F7C5B9548}
	EndGlobalSection
EndGlobal
